
Microsoft Visual Studio Solution File, Format Version 12.00
# Visual Studio Version 17
VisualStudioVersion = 17.1.32104.313
MinimumVisualStudioVersion = 10.0.40219.1
Project("{9A19103F-16F7-4668-BE54-9A1E7A4F7556}") = "Hotel Menegment", "Hotel Menegment.csproj", "{8CD319E8-1EE3-40AC-B216-68109A799C81}"
EndProject
Global
	GlobalSection(SolutionConfigurationPlatforms) = preSolution
		Debug|Any CPU = Debug|Any CPU
		Release|Any CPU = Release|Any CPU
	EndGlobalSection
	GlobalSection(ProjectConfigurationPlatforms) = postSolution
		{8CD319E8-1EE3-40AC-B216-68109A799C81}.Debug|Any CPU.ActiveCfg = Debug|Any CPU
		{8CD319E8-1EE3-40AC-B216-68109A799C81}.Debug|Any CPU.Build.0 = Debug|Any CPU
		{8CD319E8-1EE3-40AC-B216-68109A799C81}.Release|Any CPU.ActiveCfg = Release|Any CPU
		{8CD319E8-1EE3-40AC-B216-68109A799C81}.Release|Any CPU.Build.0 = Release|Any CPU
	EndGlobalSection
	GlobalSection(SolutionProperties) = preSolution
		HideSolutionNode = FALSE
	EndGlobalSection
	GlobalSection(ExtensibilityGlobals) = postSolution
		SolutionGuid = {68252FE2-51E2-471A-9C87-B1F86E265729}
	EndGlobalSection
EndGlobal
